
Microsoft Visual Studio Solution File, Format Version 12.00
# Visual Studio Version 17
VisualStudioVersion = 17.11.35222.181
MinimumVisualStudioVersion = 10.0.40219.1
Project("{FAE04EC0-301F-11D3-BF4B-00C04F79EFBC}") = "UMLclass", "UMLclass.csproj", "{ED5463F6-D6A7-4A3D-A453-C9FFE0013F26}"
EndProject
Global
	GlobalSection(SolutionConfigurationPlatforms) = preSolution
		Debug|Any CPU = Debug|Any CPU
		Release|Any CPU = Release|Any CPU
	EndGlobalSection
	GlobalSection(ProjectConfigurationPlatforms) = postSolution
		{ED5463F6-D6A7-4A3D-A453-C9FFE0013F26}.Debug|Any CPU.ActiveCfg = Debug|Any CPU
		{ED5463F6-D6A7-4A3D-A453-C9FFE0013F26}.Debug|Any CPU.Build.0 = Debug|Any CPU
		{ED5463F6-D6A7-4A3D-A453-C9FFE0013F26}.Release|Any CPU.ActiveCfg = Release|Any CPU
		{ED5463F6-D6A7-4A3D-A453-C9FFE0013F26}.Release|Any CPU.Build.0 = Release|Any CPU
	EndGlobalSection
	GlobalSection(SolutionProperties) = preSolution
		HideSolutionNode = FALSE
	EndGlobalSection
	GlobalSection(ExtensibilityGlobals) = postSolution
		SolutionGuid = {8223F32A-E938-4027-BAD4-7AC1CD0E02FD}
	EndGlobalSection
EndGlobal
